// !$*UTF8*$!
{
	archiveVersion = 1;
	classes = {
	};
	objectVersion = 46;
	objects = {

/* Begin PBXBuildFile section */
		FEECBF151BD3748000D5DC72 /* AppDelegate.swift in Sources */ = {isa = PBXBuildFile; fileRef = FEECBF141BD3748000D5DC72 /* AppDelegate.swift */; };
		FEECBF171BD3748000D5DC72 /* ViewController.swift in Sources */ = {isa = PBXBuildFile; fileRef = FEECBF161BD3748000D5DC72 /* ViewController.swift */; };
		FEECBF1A1BD3748000D5DC72 /* Main.storyboard in Resources */ = {isa = PBXBuildFile; fileRef = FEECBF181BD3748000D5DC72 /* Main.storyboard */; };
		FEECBF1D1BD3748000D5DC72 /* ApartmentFinder.xcdatamodeld in Sources */ = {isa = PBXBuildFile; fileRef = FEECBF1B1BD3748000D5DC72 /* ApartmentFinder.xcdatamodeld */; };
		FEECBF1F1BD3748000D5DC72 /* Assets.xcassets in Resources */ = {isa = PBXBuildFile; fileRef = FEECBF1E1BD3748000D5DC72 /* Assets.xcassets */; };
		FEECBF221BD3748000D5DC72 /* LaunchScreen.storyboard in Resources */ = {isa = PBXBuildFile; fileRef = FEECBF201BD3748000D5DC72 /* LaunchScreen.storyboard */; };
		FEECBF2D1BD3748000D5DC72 /* ApartmentFinderTests.swift in Sources */ = {isa = PBXBuildFile; fileRef = FEECBF2C1BD3748000D5DC72 /* ApartmentFinderTests.swift */; };
		FEECBF381BD3748000D5DC72 /* ApartmentFinderUITests.swift in Sources */ = {isa = PBXBuildFile; fileRef = FEECBF371BD3748000D5DC72 /* ApartmentFinderUITests.swift */; };
/* End PBXBuildFile section */

/* Begin PBXContainerItemProxy section */
		FEECBF291BD3748000D5DC72 /* PBXContainerItemProxy */ = {
			isa = PBXContainerItemProxy;
			containerPortal = FEECBF091BD3747F00D5DC72 /* Project object */;
			proxyType = 1;
			remoteGlobalIDString = FEECBF101BD3748000D5DC72;
			remoteInfo = ApartmentFinder;
		};
		FEECBF341BD3748000D5DC72 /* PBXContainerItemProxy */ = {
			isa = PBXContainerItemProxy;
			containerPortal = FEECBF091BD3747F00D5DC72 /* Project object */;
			proxyType = 1;
			remoteGlobalIDString = FEECBF101BD3748000D5DC72;
			remoteInfo = ApartmentFinder;
		};
/* End PBXContainerItemProxy section */

/* Begin PBXFileReference section */
		FEECBF111BD3748000D5DC72 /* ApartmentFinder.app */ = {isa = PBXFileReference; explicitFileType = wrapper.application; includeInIndex = 0; path = ApartmentFinder.app; sourceTree = BUILT_PRODUCTS_DIR; };
		FEECBF141BD3748000D5DC72 /* AppDelegate.swift */ = {isa = PBXFileReference; lastKnownFileType = sourcecode.swift; path = AppDelegate.swift; sourceTree = "<group>"; };
		FEECBF161BD3748000D5DC72 /* ViewController.swift */ = {isa = PBXFileReference; lastKnownFileType = sourcecode.swift; path = ViewController.swift; sourceTree = "<group>"; };
		FEECBF191BD3748000D5DC72 /* Base */ = {isa = PBXFileReference; lastKnownFileType = file.storyboard; name = Base; path = Base.lproj/Main.storyboard; sourceTree = "<group>"; };
		FEECBF1C1BD3748000D5DC72 /* ApartmentFinder.xcdatamodel */ = {isa = PBXFileReference; lastKnownFileType = wrapper.xcdatamodel; path = ApartmentFinder.xcdatamodel; sourceTree = "<group>"; };
		FEECBF1E1BD3748000D5DC72 /* Assets.xcassets */ = {isa = PBXFileReference; lastKnownFileType = folder.assetcatalog; path = Assets.xcassets; sourceTree = "<group>"; };
		FEECBF211BD3748000D5DC72 /* Base */ = {isa = PBXFileReference; lastKnownFileType = file.storyboard; name = Base; path = Base.lproj/LaunchScreen.storyboard; sourceTree = "<group>"; };
		FEECBF231BD3748000D5DC72 /* Info.plist */ = {isa = PBXFileReference; lastKnownFileType = text.plist.xml; path = Info.plist; sourceTree = "<group>"; };
		FEECBF281BD3748000D5DC72 /* ApartmentFinderTests.xctest */ = {isa = PBXFileReference; explicitFileType = wrapper.cfbundle; includeInIndex = 0; path = ApartmentFinderTests.xctest; sourceTree = BUILT_PRODUCTS_DIR; };
		FEECBF2C1BD3748000D5DC72 /* ApartmentFinderTests.swift */ = {isa = PBXFileReference; lastKnownFileType = sourcecode.swift; path = ApartmentFinderTests.swift; sourceTree = "<group>"; };
		FEECBF2E1BD3748000D5DC72 /* Info.plist */ = {isa = PBXFileReference; lastKnownFileType = text.plist.xml; path = Info.plist; sourceTree = "<group>"; };
		FEECBF331BD3748000D5DC72 /* ApartmentFinderUITests.xctest */ = {isa = PBXFileReference; explicitFileType = wrapper.cfbundle; includeInIndex = 0; path = ApartmentFinderUITests.xctest; sourceTree = BUILT_PRODUCTS_DIR; };
		FEECBF371BD3748000D5DC72 /* ApartmentFinderUITests.swift */ = {isa = PBXFileReference; lastKnownFileType = sourcecode.swift; path = ApartmentFinderUITests.swift; sourceTree = "<group>"; };
		FEECBF391BD3748000D5DC72 /* Info.plist */ = {isa = PBXFileReference; lastKnownFileType = text.plist.xml; path = Info.plist; sourceTree = "<group>"; };
/* End PBXFileReference section */

/* Begin PBXFrameworksBuildPhase section */
		FEECBF0E1BD3748000D5DC72 /* Frameworks */ = {
			isa = PBXFrameworksBuildPhase;
			buildActionMask = 2147483647;
			files = (
			);
			runOnlyForDeploymentPostprocessing = 0;
		};
		FEECBF251BD3748000D5DC72 /* Frameworks */ = {
			isa = PBXFrameworksBuildPhase;
			buildActionMask = 2147483647;
			files = (
			);
			runOnlyForDeploymentPostprocessing = 0;
		};
		FEECBF301BD3748000D5DC72 /* Frameworks */ = {
			isa = PBXFrameworksBuildPhase;
			buildActionMask = 2147483647;
			files = (
			);
			runOnlyForDeploymentPostprocessing = 0;
		};
/* End PBXFrameworksBuildPhase section */

/* Begin PBXGroup section */
		FEECBF081BD3747F00D5DC72 = {
			isa = PBXGroup;
			children = (
				FEECBF131BD3748000D5DC72 /* ApartmentFinder */,
				FEECBF2B1BD3748000D5DC72 /* ApartmentFinderTests */,
				FEECBF361BD3748000D5DC72 /* ApartmentFinderUITests */,
				FEECBF121BD3748000D5DC72 /* Products */,
			);
			sourceTree = "<group>";
		};
		FEECBF121BD3748000D5DC72 /* Products */ = {
			isa = PBXGroup;
			children = (
				FEECBF111BD3748000D5DC72 /* ApartmentFinder.app */,
				FEECBF281BD3748000D5DC72 /* ApartmentFinderTests.xctest */,
				FEECBF331BD3748000D5DC72 /* ApartmentFinderUITests.xctest */,
			);
			name = Products;
			sourceTree = "<group>";
		};
		FEECBF131BD3748000D5DC72 /* ApartmentFinder */ = {
			isa = PBXGroup;
			children = (
				FEECBF141BD3748000D5DC72 /* AppDelegate.swift */,
				FEECBF161BD3748000D5DC72 /* ViewController.swift */,
				FEECBF181BD3748000D5DC72 /* Main.storyboard */,
				FEECBF1E1BD3748000D5DC72 /* Assets.xcassets */,
				FEECBF201BD3748000D5DC72 /* LaunchScreen.storyboard */,
				FEECBF231BD3748000D5DC72 /* Info.plist */,
				FEECBF1B1BD3748000D5DC72 /* ApartmentFinder.xcdatamodeld */,
			);
			path = ApartmentFinder;
			sourceTree = "<group>";
		};
		FEECBF2B1BD3748000D5DC72 /* ApartmentFinderTests */ = {
			isa = PBXGroup;
			children = (
				FEECBF2C1BD3748000D5DC72 /* ApartmentFinderTests.swift */,
				FEECBF2E1BD3748000D5DC72 /* Info.plist */,
			);
			path = ApartmentFinderTests;
			sourceTree = "<group>";
		};
		FEECBF361BD3748000D5DC72 /* ApartmentFinderUITests */ = {
			isa = PBXGroup;
			children = (
				FEECBF371BD3748000D5DC72 /* ApartmentFinderUITests.swift */,
				FEECBF391BD3748000D5DC72 /* Info.plist */,
			);
			path = ApartmentFinderUITests;
			sourceTree = "<group>";
		};
/* End PBXGroup section */

/* Begin PBXNativeTarget section */
		FEECBF101BD3748000D5DC72 /* ApartmentFinder */ = {
			isa = PBXNativeTarget;
			buildConfigurationList = FEECBF3C1BD3748000D5DC72 /* Build configuration list for PBXNativeTarget "ApartmentFinder" */;
			buildPhases = (
				FEECBF0D1BD3748000D5DC72 /* Sources */,
				FEECBF0E1BD3748000D5DC72 /* Frameworks */,
				FEECBF0F1BD3748000D5DC72 /* Resources */,
			);
			buildRules = (
			);
			dependencies = (
			);
			name = ApartmentFinder;
			productName = ApartmentFinder;
			productReference = FEECBF111BD3748000D5DC72 /* ApartmentFinder.app */;
			productType = "com.apple.product-type.application";
		};
		FEECBF271BD3748000D5DC72 /* ApartmentFinderTests */ = {
			isa = PBXNativeTarget;
			buildConfigurationList = FEECBF3F1BD3748000D5DC72 /* Build configuration list for PBXNativeTarget "ApartmentFinderTests" */;
			buildPhases = (
				FEECBF241BD3748000D5DC72 /* Sources */,
				FEECBF251BD3748000D5DC72 /* Frameworks */,
				FEECBF261BD3748000D5DC72 /* Resources */,
			);
			buildRules = (
			);
			dependencies = (
				FEECBF2A1BD3748000D5DC72 /* PBXTargetDependency */,
			);
			name = ApartmentFinderTests;
			productName = ApartmentFinderTests;
			productReference = FEECBF281BD3748000D5DC72 /* ApartmentFinderTests.xctest */;
			productType = "com.apple.product-type.bundle.unit-test";
		};
		FEECBF321BD3748000D5DC72 /* ApartmentFinderUITests */ = {
			isa = PBXNativeTarget;
			buildConfigurationList = FEECBF421BD3748000D5DC72 /* Build configuration list for PBXNativeTarget "ApartmentFinderUITests" */;
			buildPhases = (
				FEECBF2F1BD3748000D5DC72 /* Sources */,
				FEECBF301BD3748000D5DC72 /* Frameworks */,
				FEECBF311BD3748000D5DC72 /* Resources */,
			);
			buildRules = (
			);
			dependencies = (
				FEECBF351BD3748000D5DC72 /* PBXTargetDependency */,
			);
			name = ApartmentFinderUITests;
			productName = ApartmentFinderUITests;
			productReference = FEECBF331BD3748000D5DC72 /* ApartmentFinderUITests.xctest */;
			productType = "com.apple.product-type.bundle.ui-testing";
		};
/* End PBXNativeTarget section */

/* Begin PBXProject section */
		FEECBF091BD3747F00D5DC72 /* Project object */ = {
			isa = PBXProject;
			attributes = {
				LastUpgradeCheck = 0700;
				ORGANIZATIONNAME = "Roman Gardukevich";
				TargetAttributes = {
					FEECBF101BD3748000D5DC72 = {
						CreatedOnToolsVersion = 7.0.1;
					};
					FEECBF271BD3748000D5DC72 = {
						CreatedOnToolsVersion = 7.0.1;
						TestTargetID = FEECBF101BD3748000D5DC72;
					};
					FEECBF321BD3748000D5DC72 = {
						CreatedOnToolsVersion = 7.0.1;
						TestTargetID = FEECBF101BD3748000D5DC72;
					};
				};
			};
			buildConfigurationList = FEECBF0C1BD3747F00D5DC72 /* Build configuration list for PBXProject "ApartmentFinder" */;
			compatibilityVersion = "Xcode 3.2";
			developmentRegion = English;
			hasScannedForEncodings = 0;
			knownRegions = (
				en,
				Base,
			);
			mainGroup = FEECBF081BD3747F00D5DC72;
			productRefGroup = FEECBF121BD3748000D5DC72 /* Products */;
			projectDirPath = "";
			projectRoot = "";
			targets = (
				FEECBF101BD3748000D5DC72 /* ApartmentFinder */,
				FEECBF271BD3748000D5DC72 /* ApartmentFinderTests */,
				FEECBF321BD3748000D5DC72 /* ApartmentFinderUITests */,
			);
		};
/* End PBXProject section */

/* Begin PBXResourcesBuildPhase section */
		FEECBF0F1BD3748000D5DC72 /* Resources */ = {
			isa = PBXResourcesBuildPhase;
			buildActionMask = 2147483647;
			files = (
				FEECBF221BD3748000D5DC72 /* LaunchScreen.storyboard in Resources */,
				FEECBF1F1BD3748000D5DC72 /* Assets.xcassets in Resources */,
				FEECBF1A1BD3748000D5DC72 /* Main.storyboard in Resources */,
			);
			runOnlyForDeploymentPostprocessing = 0;
		};
		FEECBF261BD3748000D5DC72 /* Resources */ = {
			isa = PBXResourcesBuildPhase;
			buildActionMask = 2147483647;
			files = (
			);
			runOnlyForDeploymentPostprocessing = 0;
		};
		FEECBF311BD3748000D5DC72 /* Resources */ = {
			isa = PBXResourcesBuildPhase;
			buildActionMask = 2147483647;
			files = (
			);
			runOnlyForDeploymentPostprocessing = 0;
		};
/* End PBXResourcesBuildPhase section */

/* Begin PBXSourcesBuildPhase section */
		FEECBF0D1BD3748000D5DC72 /* Sources */ = {
			isa = PBXSourcesBuildPhase;
			buildActionMask = 2147483647;
			files = (
				FEECBF171BD3748000D5DC72 /* ViewController.swift in Sources */,
				FEECBF1D1BD3748000D5DC72 /* ApartmentFinder.xcdatamodeld in Sources */,
				FEECBF151BD3748000D5DC72 /* AppDelegate.swift in Sources */,
			);
			runOnlyForDeploymentPostprocessing = 0;
		};
		FEECBF241BD3748000D5DC72 /* Sources */ = {
			isa = PBXSourcesBuildPhase;
			buildActionMask = 2147483647;
			files = (
				FEECBF2D1BD3748000D5DC72 /* ApartmentFinderTests.swift in Sources */,
			);
			runOnlyForDeploymentPostprocessing = 0;
		};
		FEECBF2F1BD3748000D5DC72 /* Sources */ = {
			isa = PBXSourcesBuildPhase;
			buildActionMask = 2147483647;
			files = (
				FEECBF381BD3748000D5DC72 /* ApartmentFinderUITests.swift in Sources */,
			);
			runOnlyForDeploymentPostprocessing = 0;
		};
/* End PBXSourcesBuildPhase section */

/* Begin PBXTargetDependency section */
		FEECBF2A1BD3748000D5DC72 /* PBXTargetDependency */ = {
			isa = PBXTargetDependency;
			target = FEECBF101BD3748000D5DC72 /* ApartmentFinder */;
			targetProxy = FEECBF291BD3748000D5DC72 /* PBXContainerItemProxy */;
		};
		FEECBF351BD3748000D5DC72 /* PBXTargetDependency */ = {
			isa = PBXTargetDependency;
			target = FEECBF101BD3748000D5DC72 /* ApartmentFinder */;
			targetProxy = FEECBF341BD3748000D5DC72 /* PBXContainerItemProxy */;
		};
/* End PBXTargetDependency section */

/* Begin PBXVariantGroup section */
		FEECBF181BD3748000D5DC72 /* Main.storyboard */ = {
			isa = PBXVariantGroup;
			children = (
				FEECBF191BD3748000D5DC72 /* Base */,
			);
			name = Main.storyboard;
			sourceTree = "<group>";
		};
		FEECBF201BD3748000D5DC72 /* LaunchScreen.storyboard */ = {
			isa = PBXVariantGroup;
			children = (
				FEECBF211BD3748000D5DC72 /* Base */,
			);
			name = LaunchScreen.storyboard;
			sourceTree = "<group>";
		};
/* End PBXVariantGroup section */

/* Begin XCBuildConfiguration section */
		FEECBF3A1BD3748000D5DC72 /* Debug */ = {
			isa = XCBuildConfiguration;
			buildSettings = {
				ALWAYS_SEARCH_USER_PATHS = NO;
				CLANG_CXX_LANGUAGE_STANDARD = "gnu++0x";
				CLANG_CXX_LIBRARY = "libc++";
				CLANG_ENABLE_MODULES = YES;
				CLANG_ENABLE_OBJC_ARC = YES;
				CLANG_WARN_BOOL_CONVERSION = YES;
				CLANG_WARN_CONSTANT_CONVERSION = YES;
				CLANG_WARN_DIRECT_OBJC_ISA_USAGE = YES_ERROR;
				CLANG_WARN_EMPTY_BODY = YES;
				CLANG_WARN_ENUM_CONVERSION = YES;
				CLANG_WARN_INT_CONVERSION = YES;
				CLANG_WARN_OBJC_ROOT_CLASS = YES_ERROR;
				CLANG_WARN_UNREACHABLE_CODE = YES;
				CLANG_WARN__DUPLICATE_METHOD_MATCH = YES;
				"CODE_SIGN_IDENTITY[sdk=iphoneos*]" = "iPhone Developer";
				COPY_PHASE_STRIP = NO;
				DEBUG_INFORMATION_FORMAT = dwarf;
				ENABLE_STRICT_OBJC_MSGSEND = YES;
				ENABLE_TESTABILITY = YES;
				GCC_C_LANGUAGE_STANDARD = gnu99;
				GCC_DYNAMIC_NO_PIC = NO;
				GCC_NO_COMMON_BLOCKS = YES;
				GCC_OPTIMIZATION_LEVEL = 0;
				GCC_PREPROCESSOR_DEFINITIONS = (
					"DEBUG=1",
					"$(inherited)",
				);
				GCC_WARN_64_TO_32_BIT_CONVERSION = YES;
				GCC_WARN_ABOUT_RETURN_TYPE = YES_ERROR;
				GCC_WARN_UNDECLARED_SELECTOR = YES;
				GCC_WARN_UNINITIALIZED_AUTOS = YES_AGGRESSIVE;
				GCC_WARN_UNUSED_FUNCTION = YES;
				GCC_WARN_UNUSED_VARIABLE = YES;
				IPHONEOS_DEPLOYMENT_TARGET = 9.0;
				MTL_ENABLE_DEBUG_INFO = YES;
				ONLY_ACTIVE_ARCH = YES;
				SDKROOT = iphoneos;
				SWIFT_OPTIMIZATION_LEVEL = "-Onone";
				TARGETED_DEVICE_FAMILY = "1,2";
			};
			name = Debug;
		};
		FEECBF3B1BD3748000D5DC72 /* Release */ = {
			isa = XCBuildConfiguration;
			buildSettings = {
				ALWAYS_SEARCH_USER_PATHS = NO;
				CLANG_CXX_LANGUAGE_STANDARD = "gnu++0x";
				CLANG_CXX_LIBRARY = "libc++";
				CLANG_ENABLE_MODULES = YES;
				CLANG_ENABLE_OBJC_ARC = YES;
				CLANG_WARN_BOOL_CONVERSION = YES;
				CLANG_WARN_CONSTANT_CONVERSION = YES;
				CLANG_WARN_DIRECT_OBJC_ISA_USAGE = YES_ERROR;
				CLANG_WARN_EMPTY_BODY = YES;
				CLANG_WARN_ENUM_CONVERSION = YES;
				CLANG_WARN_INT_CONVERSION = YES;
				CLANG_WARN_OBJC_ROOT_CLASS = YES_ERROR;
				CLANG_WARN_UNREACHABLE_CODE = YES;
				CLANG_WARN__DUPLICATE_METHOD_MATCH = YES;
				"CODE_SIGN_IDENTITY[sdk=iphoneos*]" = "iPhone Developer";
				COPY_PHASE_STRIP = NO;
				DEBUG_INFORMATION_FORMAT = "dwarf-with-dsym";
				ENABLE_NS_ASSERTIONS = NO;
				ENABLE_STRICT_OBJC_MSGSEND = YES;
				GCC_C_LANGUAGE_STANDARD = gnu99;
				GCC_NO_COMMON_BLOCKS = YES;
				GCC_WARN_64_TO_32_BIT_CONVERSION = YES;
				GCC_WARN_ABOUT_RETURN_TYPE = YES_ERROR;
				GCC_WARN_UNDECLARED_SELECTOR = YES;
				GCC_WARN_UNINITIALIZED_AUTOS = YES_AGGRESSIVE;
				GCC_WARN_UNUSED_FUNCTION = YES;
				GCC_WARN_UNUSED_VARIABLE = YES;
				IPHONEOS_DEPLOYMENT_TARGET = 9.0;
				MTL_ENABLE_DEBUG_INFO = NO;
				SDKROOT = iphoneos;
				TARGETED_DEVICE_FAMILY = "1,2";
				VALIDATE_PRODUCT = YES;
			};
			name = Release;
		};
		FEECBF3D1BD3748000D5DC72 /* Debug */ = {
			isa = XCBuildConfiguration;
			buildSettings = {
				ASSETCATALOG_COMPILER_APPICON_NAME = AppIcon;
				INFOPLIST_FILE = ApartmentFinder/Info.plist;
				LD_RUNPATH_SEARCH_PATHS = "$(inherited) @executable_path/Frameworks";
				PRODUCT_BUNDLE_IDENTIFIER = com.gardukevich.ApartmentFinder;
				PRODUCT_NAME = "$(TARGET_NAME)";
			};
			name = Debug;
		};
		FEECBF3E1BD3748000D5DC72 /* Release */ = {
			isa = XCBuildConfiguration;
			buildSettings = {
				ASSETCATALOG_COMPILER_APPICON_NAME = AppIcon;
				INFOPLIST_FILE = ApartmentFinder/Info.plist;
				LD_RUNPATH_SEARCH_PATHS = "$(inherited) @executable_path/Frameworks";
				PRODUCT_BUNDLE_IDENTIFIER = com.gardukevich.ApartmentFinder;
				PRODUCT_NAME = "$(TARGET_NAME)";
			};
			name = Release;
		};
		FEECBF401BD3748000D5DC72 /* Debug */ = {
			isa = XCBuildConfiguration;
			buildSettings = {
				BUNDLE_LOADER = "$(TEST_HOST)";
				INFOPLIST_FILE = ApartmentFinderTests/Info.plist;
				LD_RUNPATH_SEARCH_PATHS = "$(inherited) @executable_path/Frameworks @loader_path/Frameworks";
				PRODUCT_BUNDLE_IDENTIFIER = com.gardukevich.ApartmentFinderTests;
				PRODUCT_NAME = "$(TARGET_NAME)";
				TEST_HOST = "$(BUILT_PRODUCTS_DIR)/ApartmentFinder.app/ApartmentFinder";
			};
			name = Debug;
		};
		FEECBF411BD3748000D5DC72 /* Release */ = {
			isa = XCBuildConfiguration;
			buildSettings = {
				BUNDLE_LOADER = "$(TEST_HOST)";
				INFOPLIST_FILE = ApartmentFinderTests/Info.plist;
				LD_RUNPATH_SEARCH_PATHS = "$(inherited) @executable_path/Frameworks @loader_path/Frameworks";
				PRODUCT_BUNDLE_IDENTIFIER = com.gardukevich.ApartmentFinderTests;
				PRODUCT_NAME = "$(TARGET_NAME)";
				TEST_HOST = "$(BUILT_PRODUCTS_DIR)/ApartmentFinder.app/ApartmentFinder";
			};
			name = Release;
		};
		FEECBF431BD3748000D5DC72 /* Debug */ = {
			isa = XCBuildConfiguration;
			buildSettings = {
				INFOPLIST_FILE = ApartmentFinderUITests/Info.plist;
				LD_RUNPATH_SEARCH_PATHS = "$(inherited) @executable_path/Frameworks @loader_path/Frameworks";
				PRODUCT_BUNDLE_IDENTIFIER = com.gardukevich.ApartmentFinderUITests;
				PRODUCT_NAME = "$(TARGET_NAME)";
				TEST_TARGET_NAME = ApartmentFinder;
				USES_XCTRUNNER = YES;
			};
			name = Debug;
		};
		FEECBF441BD3748000D5DC72 /* Release */ = {
			isa = XCBuildConfiguration;
			buildSettings = {
				INFOPLIST_FILE = ApartmentFinderUITests/Info.plist;
				LD_RUNPATH_SEARCH_PATHS = "$(inherited) @executable_path/Frameworks @loader_path/Frameworks";
				PRODUCT_BUNDLE_IDENTIFIER = com.gardukevich.ApartmentFinderUITests;
				PRODUCT_NAME = "$(TARGET_NAME)";
				TEST_TARGET_NAME = ApartmentFinder;
				USES_XCTRUNNER = YES;
			};
			name = Release;
		};
/* End XCBuildConfiguration section */

/* Begin XCConfigurationList section */
		FEECBF0C1BD3747F00D5DC72 /* Build configuration list for PBXProject "ApartmentFinder" */ = {
			isa = XCConfigurationList;
			buildConfigurations = (
				FEECBF3A1BD3748000D5DC72 /* Debug */,
				FEECBF3B1BD3748000D5DC72 /* Release */,
			);
			defaultConfigurationIsVisible = 0;
			defaultConfigurationName = Release;
		};
		FEECBF3C1BD3748000D5DC72 /* Build configuration list for PBXNativeTarget "ApartmentFinder" */ = {
			isa = XCConfigurationList;
			buildConfigurations = (
				FEECBF3D1BD3748000D5DC72 /* Debug */,
				FEECBF3E1BD3748000D5DC72 /* Release */,
			);
			defaultConfigurationIsVisible = 0;
		};
		FEECBF3F1BD3748000D5DC72 /* Build configuration list for PBXNativeTarget "ApartmentFinderTests" */ = {
			isa = XCConfigurationList;
			buildConfigurations = (
				FEECBF401BD3748000D5DC72 /* Debug */,
				FEECBF411BD3748000D5DC72 /* Release */,
			);
			defaultConfigurationIsVisible = 0;
		};
		FEECBF421BD3748000D5DC72 /* Build configuration list for PBXNativeTarget "ApartmentFinderUITests" */ = {
			isa = XCConfigurationList;
			buildConfigurations = (
				FEECBF431BD3748000D5DC72 /* Debug */,
				FEECBF441BD3748000D5DC72 /* Release */,
			);
			defaultConfigurationIsVisible = 0;
		};
/* End XCConfigurationList section */

/* Begin XCVersionGroup section */
		FEECBF1B1BD3748000D5DC72 /* ApartmentFinder.xcdatamodeld */ = {
			isa = XCVersionGroup;
			children = (
				FEECBF1C1BD3748000D5DC72 /* ApartmentFinder.xcdatamodel */,
			);
			currentVersion = FEECBF1C1BD3748000D5DC72 /* ApartmentFinder.xcdatamodel */;
			path = ApartmentFinder.xcdatamodeld;
			sourceTree = "<group>";
			versionGroupType = wrapper.xcdatamodel;
		};
/* End XCVersionGroup section */
	};
	rootObject = FEECBF091BD3747F00D5DC72 /* Project object */;
}
